
Microsoft Visual Studio Solution File, Format Version 12.00
# Visual Studio Version 16
VisualStudioVersion = 16.0.32228.343
MinimumVisualStudioVersion = 10.0.40219.1
Project("{FAE04EC0-301F-11D3-BF4B-00C04F79EFBC}") = "Task 1 ( Find long word)", "Task 1 ( Find long word)\Task 1 ( Find long word).csproj", "{6885CA21-73C4-4169-9895-D15B87FE12C9}"
EndProject
Global
	GlobalSection(SolutionConfigurationPlatforms) = preSolution
		Debug|Any CPU = Debug|Any CPU
		Release|Any CPU = Release|Any CPU
	EndGlobalSection
	GlobalSection(ProjectConfigurationPlatforms) = postSolution
		{6885CA21-73C4-4169-9895-D15B87FE12C9}.Debug|Any CPU.ActiveCfg = Debug|Any CPU
		{6885CA21-73C4-4169-9895-D15B87FE12C9}.Debug|Any CPU.Build.0 = Debug|Any CPU
		{6885CA21-73C4-4169-9895-D15B87FE12C9}.Release|Any CPU.ActiveCfg = Release|Any CPU
		{6885CA21-73C4-4169-9895-D15B87FE12C9}.Release|Any CPU.Build.0 = Release|Any CPU
	EndGlobalSection
	GlobalSection(SolutionProperties) = preSolution
		HideSolutionNode = FALSE
	EndGlobalSection
	GlobalSection(ExtensibilityGlobals) = postSolution
		SolutionGuid = {607E24C0-3727-44F1-8D57-57DCE920C523}
	EndGlobalSection
EndGlobal
